
DEPENDENCIES: 
- Expecta (~> 0.2.0)
- ReactiveCocoa (~> 0.16.1)
- ReactiveCocoa (~> 0.16.1)
- ReactiveCocoa (~> 0.16.1)
- SBJson (~> 3.1)
- SBJson (~> 3.1)
- SBJson (~> 3.1)
- SMWebRequest (from `~/code/webrequest')
- SMWebRequest (from `~/code/webrequest')
- SMWebRequest (from `~/code/webrequest')
- Specta (~> 0.1.6)

SPEC CHECKSUMS: 
  SBJson: d917ef596960a977b6c20235a90810bc306a48f0
  Specta: 4e6b096987bf7435e2c05c60d9387316f5735ec0
  ReactiveCocoa/RACExtensions: 0069f25f79986c41fecb0c0c1378eb2952e4304f
  libextobjc/EXTScope: a2c1ab844d87408fae8e6b8da84b913b7573b051
  libextobjc/EXTConcreteProtocol: a2c1ab844d87408fae8e6b8da84b913b7573b051
  SMWebRequest: d293c8970b350c6fdef66ef28d1767a3f6c86649
  ReactiveCocoa: 0069f25f79986c41fecb0c0c1378eb2952e4304f
  JRSwizzle: 6242ff38485d870fc2636899048ee1ab883ae587
  libextobjc/EXTKeyPathCoding: a2c1ab844d87408fae8e6b8da84b913b7573b051
  ReactiveCocoa/Core: 0069f25f79986c41fecb0c0c1378eb2952e4304f
  Expecta: 1521da8c54c253277d5fae673f516c76ed838bc7

COCOAPODS: 0.16.1

EXTERNAL SOURCES: 
  SMWebRequest: 
    :local: ~/code/webrequest

PODS: 
- Expecta (0.2.0)
- JRSwizzle (1.0)
- ReactiveCocoa (0.16.1): 
  - ReactiveCocoa/Core (= 0.16.1)
  - ReactiveCocoa/RACExtensions (= 0.16.1)
- ReactiveCocoa/Core (0.16.1): 
  - JRSwizzle (~> 1.0)
  - libextobjc/EXTConcreteProtocol (~> 0.2.4)
  - libextobjc/EXTKeyPathCoding (~> 0.2.4)
  - libextobjc/EXTScope (~> 0.2.4)
- ReactiveCocoa/RACExtensions (0.16.1): 
  - ReactiveCocoa/Core
- SBJson (3.1.1)
- SMWebRequest (1.0)
- Specta (0.1.7)
- libextobjc/EXTConcreteProtocol (0.2.4)
- libextobjc/EXTKeyPathCoding (0.2.4)
- libextobjc/EXTScope (0.2.4)
