// !$*UTF8*$!
{
	archiveVersion = 1;
	classes = {
	};
	objectVersion = 46;
	objects = {

/* Begin PBXBuildFile section */
		342CB77916F172D30065A7F4 /* NSString+DateParsing.h in Headers */ = {isa = PBXBuildFile; fileRef = 342CB77716F172D30065A7F4 /* NSString+DateParsing.h */; };
		342CB77A16F172D30065A7F4 /* NSString+DateParsing.m in Sources */ = {isa = PBXBuildFile; fileRef = 342CB77816F172D30065A7F4 /* NSString+DateParsing.m */; };
		34D89D2717023EFD00C7157E /* EMField.m in Sources */ = {isa = PBXBuildFile; fileRef = 41F901A316FA9F1A0008CF8E /* EMField.m */; };
		4129EC5116C45C71002A3C60 /* Foundation.framework in Frameworks */ = {isa = PBXBuildFile; fileRef = 4129EC5016C45C71002A3C60 /* Foundation.framework */; };
		4129EC6016C45C71002A3C60 /* SenTestingKit.framework in Frameworks */ = {isa = PBXBuildFile; fileRef = 4129EC5F16C45C71002A3C60 /* SenTestingKit.framework */; };
		4129EC6316C45C71002A3C60 /* Foundation.framework in Frameworks */ = {isa = PBXBuildFile; fileRef = 4129EC5016C45C71002A3C60 /* Foundation.framework */; };
		4129EC6616C45C71002A3C60 /* libEmmaSDKiOS.a in Frameworks */ = {isa = PBXBuildFile; fileRef = 4129EC4D16C45C71002A3C60 /* libEmmaSDKiOS.a */; };
		4129EC6C16C45C71002A3C60 /* InfoPlist.strings in Resources */ = {isa = PBXBuildFile; fileRef = 4129EC6A16C45C71002A3C60 /* InfoPlist.strings */; };
		4129EC6F16C45C71002A3C60 /* EmmaSDKTests.m in Sources */ = {isa = PBXBuildFile; fileRef = 4129EC6E16C45C71002A3C60 /* EmmaSDKTests.m */; };
		418E65D2170255ED00EBB567 /* NSData+Base64.h in Headers */ = {isa = PBXBuildFile; fileRef = 418E65D0170255ED00EBB567 /* NSData+Base64.h */; };
		418E65D3170255ED00EBB567 /* NSData+Base64.m in Sources */ = {isa = PBXBuildFile; fileRef = 418E65D1170255ED00EBB567 /* NSData+Base64.m */; };
		418E65E3170259DA00EBB567 /* NSData+Base64.m in Sources */ = {isa = PBXBuildFile; fileRef = 418E65D1170255ED00EBB567 /* NSData+Base64.m */; };
		418E65ED1702A30700EBB567 /* EMResponseSummary.m in Sources */ = {isa = PBXBuildFile; fileRef = 418EE80F170231F600773A19 /* EMResponseSummary.m */; };
		418E65EE1702A30700EBB567 /* EMTrigger.m in Sources */ = {isa = PBXBuildFile; fileRef = 41CB3EB316FAAF9E009CAD80 /* EMTrigger.m */; };
		418E65EF1702A30700EBB567 /* EMWebhook.m in Sources */ = {isa = PBXBuildFile; fileRef = 41CB3EC016FAB113009CAD80 /* EMWebhook.m */; };
		418E65F01702A30700EBB567 /* EMShare.m in Sources */ = {isa = PBXBuildFile; fileRef = 418EE81C170238FB00773A19 /* EMShare.m */; };
		418EE810170231F600773A19 /* EMResponseSummary.h in Headers */ = {isa = PBXBuildFile; fileRef = 418EE80E170231F600773A19 /* EMResponseSummary.h */; };
		418EE811170231F600773A19 /* EMResponseSummary.m in Sources */ = {isa = PBXBuildFile; fileRef = 418EE80F170231F600773A19 /* EMResponseSummary.m */; };
		418EE81D170238FB00773A19 /* EMShare.h in Headers */ = {isa = PBXBuildFile; fileRef = 418EE81B170238FB00773A19 /* EMShare.h */; };
		418EE81E170238FB00773A19 /* EMShare.m in Sources */ = {isa = PBXBuildFile; fileRef = 418EE81C170238FB00773A19 /* EMShare.m */; };
		41912D9616D599FF00126AF1 /* NSObject+ObjectOrNil.h in Headers */ = {isa = PBXBuildFile; fileRef = 41912D9416D599FF00126AF1 /* NSObject+ObjectOrNil.h */; };
		41912D9716D599FF00126AF1 /* NSObject+ObjectOrNil.m in Sources */ = {isa = PBXBuildFile; fileRef = 41912D9516D599FF00126AF1 /* NSObject+ObjectOrNil.m */; };
		41912D9A16D59A4100126AF1 /* NSNumber+ObjectIDString.h in Headers */ = {isa = PBXBuildFile; fileRef = 41912D9816D59A4100126AF1 /* NSNumber+ObjectIDString.h */; };
		41912D9B16D59A4100126AF1 /* NSNumber+ObjectIDString.m in Sources */ = {isa = PBXBuildFile; fileRef = 41912D9916D59A4100126AF1 /* NSNumber+ObjectIDString.m */; };
		41912D9C16D59D2600126AF1 /* NSObject+ObjectOrNil.m in Sources */ = {isa = PBXBuildFile; fileRef = 41912D9516D599FF00126AF1 /* NSObject+ObjectOrNil.m */; };
		41912D9D16D59D2600126AF1 /* NSNumber+ObjectIDString.m in Sources */ = {isa = PBXBuildFile; fileRef = 41912D9916D59A4100126AF1 /* NSNumber+ObjectIDString.m */; };
		41CB3EB416FAAF9E009CAD80 /* EMTrigger.h in Headers */ = {isa = PBXBuildFile; fileRef = 41CB3EB216FAAF9E009CAD80 /* EMTrigger.h */; };
		41CB3EB516FAAF9E009CAD80 /* EMTrigger.m in Sources */ = {isa = PBXBuildFile; fileRef = 41CB3EB316FAAF9E009CAD80 /* EMTrigger.m */; };
		41CB3EC116FAB113009CAD80 /* EMWebhook.h in Headers */ = {isa = PBXBuildFile; fileRef = 41CB3EBF16FAB113009CAD80 /* EMWebhook.h */; };
		41CB3EC216FAB113009CAD80 /* EMWebhook.m in Sources */ = {isa = PBXBuildFile; fileRef = 41CB3EC016FAB113009CAD80 /* EMWebhook.m */; };
		41EB585F16C45CAC005C1805 /* EMClient.m in Sources */ = {isa = PBXBuildFile; fileRef = 41EB584D16C45CAC005C1805 /* EMClient.m */; };
		41EB586016C45CAC005C1805 /* EMGroup.m in Sources */ = {isa = PBXBuildFile; fileRef = 41EB584F16C45CAC005C1805 /* EMGroup.m */; };
		41EB586116C45CAC005C1805 /* EMMailing.m in Sources */ = {isa = PBXBuildFile; fileRef = 41EB585116C45CAC005C1805 /* EMMailing.m */; };
		41EB586216C45CAC005C1805 /* EMMailingLinkResponse.m in Sources */ = {isa = PBXBuildFile; fileRef = 41EB585316C45CAC005C1805 /* EMMailingLinkResponse.m */; };
		41EB586316C45CAC005C1805 /* EMMailingResponse.m in Sources */ = {isa = PBXBuildFile; fileRef = 41EB585516C45CAC005C1805 /* EMMailingResponse.m */; };
		41EB586416C45CAC005C1805 /* EMMailingResponseEvent.m in Sources */ = {isa = PBXBuildFile; fileRef = 41EB585716C45CAC005C1805 /* EMMailingResponseEvent.m */; };
		41EB586516C45CAC005C1805 /* EMMember.m in Sources */ = {isa = PBXBuildFile; fileRef = 41EB585A16C45CAC005C1805 /* EMMember.m */; };
		41EB586616C45CAC005C1805 /* EMMessage.m in Sources */ = {isa = PBXBuildFile; fileRef = 41EB585C16C45CAC005C1805 /* EMMessage.m */; };
		41EB586716C45CAC005C1805 /* EMSearch.m in Sources */ = {isa = PBXBuildFile; fileRef = 41EB585E16C45CAC005C1805 /* EMSearch.m */; };
		41EB586F16C45D5F005C1805 /* Cocoa.framework in Frameworks */ = {isa = PBXBuildFile; fileRef = 41EB586E16C45D5F005C1805 /* Cocoa.framework */; };
		41EB589816C45E4F005C1805 /* EMClient.m in Sources */ = {isa = PBXBuildFile; fileRef = 41EB584D16C45CAC005C1805 /* EMClient.m */; };
		41EB589916C45E4F005C1805 /* EMGroup.m in Sources */ = {isa = PBXBuildFile; fileRef = 41EB584F16C45CAC005C1805 /* EMGroup.m */; };
		41EB589A16C45E4F005C1805 /* EMMailing.m in Sources */ = {isa = PBXBuildFile; fileRef = 41EB585116C45CAC005C1805 /* EMMailing.m */; };
		41EB589B16C45E4F005C1805 /* EMMailingLinkResponse.m in Sources */ = {isa = PBXBuildFile; fileRef = 41EB585316C45CAC005C1805 /* EMMailingLinkResponse.m */; };
		41EB589C16C45E4F005C1805 /* EMMailingResponse.m in Sources */ = {isa = PBXBuildFile; fileRef = 41EB585516C45CAC005C1805 /* EMMailingResponse.m */; };
		41EB589D16C45E4F005C1805 /* EMMailingResponseEvent.m in Sources */ = {isa = PBXBuildFile; fileRef = 41EB585716C45CAC005C1805 /* EMMailingResponseEvent.m */; };
		41EB589E16C45E4F005C1805 /* EMMember.m in Sources */ = {isa = PBXBuildFile; fileRef = 41EB585A16C45CAC005C1805 /* EMMember.m */; };
		41EB589F16C45E4F005C1805 /* EMMessage.m in Sources */ = {isa = PBXBuildFile; fileRef = 41EB585C16C45CAC005C1805 /* EMMessage.m */; };
		41EB58A016C45E4F005C1805 /* EMSearch.m in Sources */ = {isa = PBXBuildFile; fileRef = 41EB585E16C45CAC005C1805 /* EMSearch.m */; };
		41EB58C116C45EED005C1805 /* SMWebRequest.h in Headers */ = {isa = PBXBuildFile; fileRef = 41EB58BF16C45EED005C1805 /* SMWebRequest.h */; };
		41EB58C216C45EED005C1805 /* SMWebRequest.m in Sources */ = {isa = PBXBuildFile; fileRef = 41EB58C016C45EED005C1805 /* SMWebRequest.m */; settings = {COMPILER_FLAGS = "-fno-objc-arc"; }; };
		41EB58C316C45EED005C1805 /* SMWebRequest.m in Sources */ = {isa = PBXBuildFile; fileRef = 41EB58C016C45EED005C1805 /* SMWebRequest.m */; settings = {COMPILER_FLAGS = "-fno-objc-arc"; }; };
		41EB58F216C467F4005C1805 /* libExpecta-iOS.a in Frameworks */ = {isa = PBXBuildFile; fileRef = 41EB58DA16C463C3005C1805 /* libExpecta-iOS.a */; };
		41EB58F316C467F4005C1805 /* libSpecta-iOS.a in Frameworks */ = {isa = PBXBuildFile; fileRef = 41EB58E916C463CA005C1805 /* libSpecta-iOS.a */; };
		41EB58FD16C47295005C1805 /* libReactiveCocoa-iOS.a in Frameworks */ = {isa = PBXBuildFile; fileRef = 41EB58AD16C45ED6005C1805 /* libReactiveCocoa-iOS.a */; };
		41EB58FE16C47295005C1805 /* libsbjson-ios.a in Frameworks */ = {isa = PBXBuildFile; fileRef = 41EB58BC16C45EE0005C1805 /* libsbjson-ios.a */; };
		41EB58FF16C472AF005C1805 /* ReactiveCocoa.framework in Frameworks */ = {isa = PBXBuildFile; fileRef = 41EB58AB16C45ED6005C1805 /* ReactiveCocoa.framework */; };
		41EB590016C472AF005C1805 /* SBJson.framework in Frameworks */ = {isa = PBXBuildFile; fileRef = 41EB58B816C45EE0005C1805 /* SBJson.framework */; };
		41EB590216C47528005C1805 /* UIKit.framework in Frameworks */ = {isa = PBXBuildFile; fileRef = 41EB590116C47528005C1805 /* UIKit.framework */; };
		41F901A416FA9F1A0008CF8E /* EMField.h in Headers */ = {isa = PBXBuildFile; fileRef = 41F901A216FA9F1A0008CF8E /* EMField.h */; };
		41F901A516FA9F1A0008CF8E /* EMField.m in Sources */ = {isa = PBXBuildFile; fileRef = 41F901A316FA9F1A0008CF8E /* EMField.m */; };
/* End PBXBuildFile section */

/* Begin PBXContainerItemProxy section */
		4129EC6416C45C71002A3C60 /* PBXContainerItemProxy */ = {
			isa = PBXContainerItemProxy;
			containerPortal = 4129EC4516C45C71002A3C60 /* Project object */;
			proxyType = 1;
			remoteGlobalIDString = 4129EC4C16C45C71002A3C60;
			remoteInfo = EmmaSDK;
		};
		41EB58AA16C45ED6005C1805 /* PBXContainerItemProxy */ = {
			isa = PBXContainerItemProxy;
			containerPortal = 41EB58A216C45ED5005C1805 /* ReactiveCocoa.xcodeproj */;
			proxyType = 2;
			remoteGlobalIDString = 88037F8315056328001A5B19;
			remoteInfo = ReactiveCocoa;
		};
		41EB58AC16C45ED6005C1805 /* PBXContainerItemProxy */ = {
			isa = PBXContainerItemProxy;
			containerPortal = 41EB58A216C45ED5005C1805 /* ReactiveCocoa.xcodeproj */;
			proxyType = 2;
			remoteGlobalIDString = 88F440AB153DAC820097B4C3;
			remoteInfo = "ReactiveCocoa-iOS";
		};
		41EB58AE16C45ED6005C1805 /* PBXContainerItemProxy */ = {
			isa = PBXContainerItemProxy;
			containerPortal = 41EB58A216C45ED5005C1805 /* ReactiveCocoa.xcodeproj */;
			proxyType = 2;
			remoteGlobalIDString = 88CDF7DC15000FCF00163A9F;
			remoteInfo = ReactiveCocoaTests;
		};
		41EB58B716C45EE0005C1805 /* PBXContainerItemProxy */ = {
			isa = PBXContainerItemProxy;
			containerPortal = 41EB58B016C45EDF005C1805 /* SBJson.xcodeproj */;
			proxyType = 2;
			remoteGlobalIDString = BC12323D1391D5CC00131607;
			remoteInfo = SBJson;
		};
		41EB58B916C45EE0005C1805 /* PBXContainerItemProxy */ = {
			isa = PBXContainerItemProxy;
			containerPortal = 41EB58B016C45EDF005C1805 /* SBJson.xcodeproj */;
			proxyType = 2;
			remoteGlobalIDString = BC1232521391D5CC00131607;
			remoteInfo = SBJsonTests;
		};
		41EB58BB16C45EE0005C1805 /* PBXContainerItemProxy */ = {
			isa = PBXContainerItemProxy;
			containerPortal = 41EB58B016C45EDF005C1805 /* SBJson.xcodeproj */;
			proxyType = 2;
			remoteGlobalIDString = BCC2626913920FC7003D9994;
			remoteInfo = "sbjson-ios";
		};
		41EB58BD16C45EE0005C1805 /* PBXContainerItemProxy */ = {
			isa = PBXContainerItemProxy;
			containerPortal = 41EB58B016C45EDF005C1805 /* SBJson.xcodeproj */;
			proxyType = 2;
			remoteGlobalIDString = BCC2627313920FC7003D9994;
			remoteInfo = "sbjson-iosTests";
		};
		41EB58C816C45F18005C1805 /* PBXContainerItemProxy */ = {
			isa = PBXContainerItemProxy;
			containerPortal = 41EB58B016C45EDF005C1805 /* SBJson.xcodeproj */;
			proxyType = 1;
			remoteGlobalIDString = BC12323C1391D5CC00131607;
			remoteInfo = SBJson;
		};
		41EB58CA16C45F18005C1805 /* PBXContainerItemProxy */ = {
			isa = PBXContainerItemProxy;
			containerPortal = 41EB58A216C45ED5005C1805 /* ReactiveCocoa.xcodeproj */;
			proxyType = 1;
			remoteGlobalIDString = 88037F8215056328001A5B19;
			remoteInfo = ReactiveCocoa;
		};
		41EB58CC16C45F1E005C1805 /* PBXContainerItemProxy */ = {
			isa = PBXContainerItemProxy;
			containerPortal = 41EB58B016C45EDF005C1805 /* SBJson.xcodeproj */;
			proxyType = 1;
			remoteGlobalIDString = BCC2626813920FC7003D9994;
			remoteInfo = "sbjson-ios";
		};
		41EB58CE16C45F1E005C1805 /* PBXContainerItemProxy */ = {
			isa = PBXContainerItemProxy;
			containerPortal = 41EB58A216C45ED5005C1805 /* ReactiveCocoa.xcodeproj */;
			proxyType = 1;
			remoteGlobalIDString = 88F440AA153DAC820097B4C3;
			remoteInfo = "ReactiveCocoa-iOS";
		};
		41EB58D716C463C3005C1805 /* PBXContainerItemProxy */ = {
			isa = PBXContainerItemProxy;
			containerPortal = 41EB58D016C463C3005C1805 /* Expecta.xcodeproj */;
			proxyType = 2;
			remoteGlobalIDString = E9ACDF0C13B2DD520010F4D7;
			remoteInfo = Expecta;
		};
		41EB58D916C463C3005C1805 /* PBXContainerItemProxy */ = {
			isa = PBXContainerItemProxy;
			containerPortal = 41EB58D016C463C3005C1805 /* Expecta.xcodeproj */;
			proxyType = 2;
			remoteGlobalIDString = E93067CE13B2E6D100EA26FF;
			remoteInfo = "Expecta-iOS";
		};
		41EB58DB16C463C3005C1805 /* PBXContainerItemProxy */ = {
			isa = PBXContainerItemProxy;
			containerPortal = 41EB58D016C463C3005C1805 /* Expecta.xcodeproj */;
			proxyType = 2;
			remoteGlobalIDString = E9ACDF1D13B2DD520010F4D7;
			remoteInfo = ExpectaTests;
		};
		41EB58DD16C463C3005C1805 /* PBXContainerItemProxy */ = {
			isa = PBXContainerItemProxy;
			containerPortal = 41EB58D016C463C3005C1805 /* Expecta.xcodeproj */;
			proxyType = 2;
			remoteGlobalIDString = E93067DA13B2E6D100EA26FF;
			remoteInfo = "Expecta-iOSTests";
		};
		41EB58E616C463CA005C1805 /* PBXContainerItemProxy */ = {
			isa = PBXContainerItemProxy;
			containerPortal = 41EB58DF16C463CA005C1805 /* Specta.xcodeproj */;
			proxyType = 2;
			remoteGlobalIDString = E9D96A2614B6B8AB007D9521;
			remoteInfo = Specta;
		};
		41EB58E816C463CA005C1805 /* PBXContainerItemProxy */ = {
			isa = PBXContainerItemProxy;
			containerPortal = 41EB58DF16C463CA005C1805 /* Specta.xcodeproj */;
			proxyType = 2;
			remoteGlobalIDString = E9B777A414BA294B00D8DC76;
			remoteInfo = "Specta-iOS";
		};
		41EB58EA16C463CA005C1805 /* PBXContainerItemProxy */ = {
			isa = PBXContainerItemProxy;
			containerPortal = 41EB58DF16C463CA005C1805 /* Specta.xcodeproj */;
			proxyType = 2;
			remoteGlobalIDString = E9D96A3A14B6B8AB007D9521;
			remoteInfo = SpectaTests;
		};
		41EB58EC16C463CA005C1805 /* PBXContainerItemProxy */ = {
			isa = PBXContainerItemProxy;
			containerPortal = 41EB58DF16C463CA005C1805 /* Specta.xcodeproj */;
			proxyType = 2;
			remoteGlobalIDString = E9B777B314BA294C00D8DC76;
			remoteInfo = "Specta-iOSTests";
		};
		41EB58EE16C4640F005C1805 /* PBXContainerItemProxy */ = {
			isa = PBXContainerItemProxy;
			containerPortal = 41EB58DF16C463CA005C1805 /* Specta.xcodeproj */;
			proxyType = 1;
			remoteGlobalIDString = E9B777A314BA294B00D8DC76;
			remoteInfo = "Specta-iOS";
		};
		41EB58F016C4640F005C1805 /* PBXContainerItemProxy */ = {
			isa = PBXContainerItemProxy;
			containerPortal = 41EB58D016C463C3005C1805 /* Expecta.xcodeproj */;
			proxyType = 1;
			remoteGlobalIDString = E93067CD13B2E6D100EA26FF;
			remoteInfo = "Expecta-iOS";
		};
/* End PBXContainerItemProxy section */

/* Begin PBXCopyFilesBuildPhase section */
		4129EC4B16C45C71002A3C60 /* CopyFiles */ = {
			isa = PBXCopyFilesBuildPhase;
			buildActionMask = 2147483647;
			dstPath = "include/${PRODUCT_NAME}";
			dstSubfolderSpec = 16;
			files = (
			);
			runOnlyForDeploymentPostprocessing = 0;
		};
/* End PBXCopyFilesBuildPhase section */

/* Begin PBXFileReference section */
		342CB77716F172D30065A7F4 /* NSString+DateParsing.h */ = {isa = PBXFileReference; fileEncoding = 4; lastKnownFileType = sourcecode.c.h; path = "NSString+DateParsing.h"; sourceTree = "<group>"; };
		342CB77816F172D30065A7F4 /* NSString+DateParsing.m */ = {isa = PBXFileReference; fileEncoding = 4; lastKnownFileType = sourcecode.c.objc; path = "NSString+DateParsing.m"; sourceTree = "<group>"; };
		4129EC4D16C45C71002A3C60 /* libEmmaSDKiOS.a */ = {isa = PBXFileReference; explicitFileType = archive.ar; includeInIndex = 0; path = libEmmaSDKiOS.a; sourceTree = BUILT_PRODUCTS_DIR; };
		4129EC5016C45C71002A3C60 /* Foundation.framework */ = {isa = PBXFileReference; lastKnownFileType = wrapper.framework; name = Foundation.framework; path = System/Library/Frameworks/Foundation.framework; sourceTree = SDKROOT; };
		4129EC5416C45C71002A3C60 /* EmmaSDK-Prefix.pch */ = {isa = PBXFileReference; lastKnownFileType = sourcecode.c.h; path = "EmmaSDK-Prefix.pch"; sourceTree = "<group>"; };
		4129EC5E16C45C71002A3C60 /* EmmaSDKTests.octest */ = {isa = PBXFileReference; explicitFileType = wrapper.cfbundle; includeInIndex = 0; path = EmmaSDKTests.octest; sourceTree = BUILT_PRODUCTS_DIR; };
		4129EC5F16C45C71002A3C60 /* SenTestingKit.framework */ = {isa = PBXFileReference; lastKnownFileType = wrapper.framework; name = SenTestingKit.framework; path = Library/Frameworks/SenTestingKit.framework; sourceTree = DEVELOPER_DIR; };
		4129EC6116C45C71002A3C60 /* UIKit.framework */ = {isa = PBXFileReference; lastKnownFileType = wrapper.framework; name = UIKit.framework; path = Library/Frameworks/UIKit.framework; sourceTree = DEVELOPER_DIR; };
		4129EC6916C45C71002A3C60 /* EmmaSDKTests-Info.plist */ = {isa = PBXFileReference; lastKnownFileType = text.plist.xml; path = "EmmaSDKTests-Info.plist"; sourceTree = "<group>"; };
		4129EC6B16C45C71002A3C60 /* en */ = {isa = PBXFileReference; lastKnownFileType = text.plist.strings; name = en; path = en.lproj/InfoPlist.strings; sourceTree = "<group>"; };
		4129EC6D16C45C71002A3C60 /* EmmaSDKTests.h */ = {isa = PBXFileReference; lastKnownFileType = sourcecode.c.h; path = EmmaSDKTests.h; sourceTree = "<group>"; };
		4129EC6E16C45C71002A3C60 /* EmmaSDKTests.m */ = {isa = PBXFileReference; lastKnownFileType = sourcecode.c.objc; path = EmmaSDKTests.m; sourceTree = "<group>"; };
		418E65D0170255ED00EBB567 /* NSData+Base64.h */ = {isa = PBXFileReference; fileEncoding = 4; lastKnownFileType = sourcecode.c.h; path = "NSData+Base64.h"; sourceTree = "<group>"; };
		418E65D1170255ED00EBB567 /* NSData+Base64.m */ = {isa = PBXFileReference; fileEncoding = 4; lastKnownFileType = sourcecode.c.objc; path = "NSData+Base64.m"; sourceTree = "<group>"; };
		418EE80E170231F600773A19 /* EMResponseSummary.h */ = {isa = PBXFileReference; fileEncoding = 4; lastKnownFileType = sourcecode.c.h; path = EMResponseSummary.h; sourceTree = "<group>"; };
		418EE80F170231F600773A19 /* EMResponseSummary.m */ = {isa = PBXFileReference; fileEncoding = 4; lastKnownFileType = sourcecode.c.objc; path = EMResponseSummary.m; sourceTree = "<group>"; };
		418EE81B170238FB00773A19 /* EMShare.h */ = {isa = PBXFileReference; fileEncoding = 4; lastKnownFileType = sourcecode.c.h; path = EMShare.h; sourceTree = "<group>"; };
		418EE81C170238FB00773A19 /* EMShare.m */ = {isa = PBXFileReference; fileEncoding = 4; lastKnownFileType = sourcecode.c.objc; path = EMShare.m; sourceTree = "<group>"; };
		41912D9416D599FF00126AF1 /* NSObject+ObjectOrNil.h */ = {isa = PBXFileReference; fileEncoding = 4; lastKnownFileType = sourcecode.c.h; path = "NSObject+ObjectOrNil.h"; sourceTree = "<group>"; };
		41912D9516D599FF00126AF1 /* NSObject+ObjectOrNil.m */ = {isa = PBXFileReference; fileEncoding = 4; lastKnownFileType = sourcecode.c.objc; path = "NSObject+ObjectOrNil.m"; sourceTree = "<group>"; };
		41912D9816D59A4100126AF1 /* NSNumber+ObjectIDString.h */ = {isa = PBXFileReference; fileEncoding = 4; lastKnownFileType = sourcecode.c.h; path = "NSNumber+ObjectIDString.h"; sourceTree = "<group>"; };
		41912D9916D59A4100126AF1 /* NSNumber+ObjectIDString.m */ = {isa = PBXFileReference; fileEncoding = 4; lastKnownFileType = sourcecode.c.objc; path = "NSNumber+ObjectIDString.m"; sourceTree = "<group>"; };
		41CB3EB216FAAF9E009CAD80 /* EMTrigger.h */ = {isa = PBXFileReference; fileEncoding = 4; lastKnownFileType = sourcecode.c.h; path = EMTrigger.h; sourceTree = "<group>"; };
		41CB3EB316FAAF9E009CAD80 /* EMTrigger.m */ = {isa = PBXFileReference; fileEncoding = 4; lastKnownFileType = sourcecode.c.objc; path = EMTrigger.m; sourceTree = "<group>"; };
		41CB3EBF16FAB113009CAD80 /* EMWebhook.h */ = {isa = PBXFileReference; fileEncoding = 4; lastKnownFileType = sourcecode.c.h; path = EMWebhook.h; sourceTree = "<group>"; };
		41CB3EC016FAB113009CAD80 /* EMWebhook.m */ = {isa = PBXFileReference; fileEncoding = 4; lastKnownFileType = sourcecode.c.objc; path = EMWebhook.m; sourceTree = "<group>"; };
		41EB584C16C45CAC005C1805 /* EMClient.h */ = {isa = PBXFileReference; fileEncoding = 4; lastKnownFileType = sourcecode.c.h; path = EMClient.h; sourceTree = "<group>"; };
		41EB584D16C45CAC005C1805 /* EMClient.m */ = {isa = PBXFileReference; fileEncoding = 4; lastKnownFileType = sourcecode.c.objc; path = EMClient.m; sourceTree = "<group>"; };
		41EB584E16C45CAC005C1805 /* EMGroup.h */ = {isa = PBXFileReference; fileEncoding = 4; lastKnownFileType = sourcecode.c.h; path = EMGroup.h; sourceTree = "<group>"; };
		41EB584F16C45CAC005C1805 /* EMGroup.m */ = {isa = PBXFileReference; fileEncoding = 4; lastKnownFileType = sourcecode.c.objc; path = EMGroup.m; sourceTree = "<group>"; };
		41EB585016C45CAC005C1805 /* EMMailing.h */ = {isa = PBXFileReference; fileEncoding = 4; lastKnownFileType = sourcecode.c.h; path = EMMailing.h; sourceTree = "<group>"; };
		41EB585116C45CAC005C1805 /* EMMailing.m */ = {isa = PBXFileReference; fileEncoding = 4; lastKnownFileType = sourcecode.c.objc; path = EMMailing.m; sourceTree = "<group>"; };
		41EB585216C45CAC005C1805 /* EMMailingLinkResponse.h */ = {isa = PBXFileReference; fileEncoding = 4; lastKnownFileType = sourcecode.c.h; path = EMMailingLinkResponse.h; sourceTree = "<group>"; };
		41EB585316C45CAC005C1805 /* EMMailingLinkResponse.m */ = {isa = PBXFileReference; fileEncoding = 4; lastKnownFileType = sourcecode.c.objc; path = EMMailingLinkResponse.m; sourceTree = "<group>"; };
		41EB585416C45CAC005C1805 /* EMMailingResponse.h */ = {isa = PBXFileReference; fileEncoding = 4; lastKnownFileType = sourcecode.c.h; path = EMMailingResponse.h; sourceTree = "<group>"; };
		41EB585516C45CAC005C1805 /* EMMailingResponse.m */ = {isa = PBXFileReference; fileEncoding = 4; lastKnownFileType = sourcecode.c.objc; path = EMMailingResponse.m; sourceTree = "<group>"; };
		41EB585616C45CAC005C1805 /* EMMailingResponseEvent.h */ = {isa = PBXFileReference; fileEncoding = 4; lastKnownFileType = sourcecode.c.h; path = EMMailingResponseEvent.h; sourceTree = "<group>"; };
		41EB585716C45CAC005C1805 /* EMMailingResponseEvent.m */ = {isa = PBXFileReference; fileEncoding = 4; lastKnownFileType = sourcecode.c.objc; path = EMMailingResponseEvent.m; sourceTree = "<group>"; };
		41EB585816C45CAC005C1805 /* EmmaSDK.h */ = {isa = PBXFileReference; fileEncoding = 4; lastKnownFileType = sourcecode.c.h; path = EmmaSDK.h; sourceTree = "<group>"; };
		41EB585916C45CAC005C1805 /* EMMember.h */ = {isa = PBXFileReference; fileEncoding = 4; lastKnownFileType = sourcecode.c.h; path = EMMember.h; sourceTree = "<group>"; };
		41EB585A16C45CAC005C1805 /* EMMember.m */ = {isa = PBXFileReference; fileEncoding = 4; lastKnownFileType = sourcecode.c.objc; path = EMMember.m; sourceTree = "<group>"; };
		41EB585B16C45CAC005C1805 /* EMMessage.h */ = {isa = PBXFileReference; fileEncoding = 4; lastKnownFileType = sourcecode.c.h; path = EMMessage.h; sourceTree = "<group>"; };
		41EB585C16C45CAC005C1805 /* EMMessage.m */ = {isa = PBXFileReference; fileEncoding = 4; lastKnownFileType = sourcecode.c.objc; path = EMMessage.m; sourceTree = "<group>"; };
		41EB585D16C45CAC005C1805 /* EMSearch.h */ = {isa = PBXFileReference; fileEncoding = 4; lastKnownFileType = sourcecode.c.h; path = EMSearch.h; sourceTree = "<group>"; };
		41EB585E16C45CAC005C1805 /* EMSearch.m */ = {isa = PBXFileReference; fileEncoding = 4; lastKnownFileType = sourcecode.c.objc; path = EMSearch.m; sourceTree = "<group>"; };
		41EB586D16C45D5F005C1805 /* EmmaSDK.framework */ = {isa = PBXFileReference; explicitFileType = wrapper.framework; includeInIndex = 0; path = EmmaSDK.framework; sourceTree = BUILT_PRODUCTS_DIR; };
		41EB586E16C45D5F005C1805 /* Cocoa.framework */ = {isa = PBXFileReference; lastKnownFileType = wrapper.framework; name = Cocoa.framework; path = Library/Frameworks/Cocoa.framework; sourceTree = DEVELOPER_DIR; };
		41EB587116C45D5F005C1805 /* AppKit.framework */ = {isa = PBXFileReference; lastKnownFileType = wrapper.framework; name = AppKit.framework; path = Library/Frameworks/AppKit.framework; sourceTree = SDKROOT; };
		41EB587216C45D5F005C1805 /* CoreData.framework */ = {isa = PBXFileReference; lastKnownFileType = wrapper.framework; name = CoreData.framework; path = Library/Frameworks/CoreData.framework; sourceTree = SDKROOT; };
		41EB587316C45D5F005C1805 /* Foundation.framework */ = {isa = PBXFileReference; lastKnownFileType = wrapper.framework; name = Foundation.framework; path = Library/Frameworks/Foundation.framework; sourceTree = SDKROOT; };
		41EB58A216C45ED5005C1805 /* ReactiveCocoa.xcodeproj */ = {isa = PBXFileReference; lastKnownFileType = "wrapper.pb-project"; name = ReactiveCocoa.xcodeproj; path = Dependencies/ReactiveCocoa/ReactiveCocoaFramework/ReactiveCocoa.xcodeproj; sourceTree = "<group>"; };
		41EB58B016C45EDF005C1805 /* SBJson.xcodeproj */ = {isa = PBXFileReference; lastKnownFileType = "wrapper.pb-project"; name = SBJson.xcodeproj; path = Dependencies/SBJson/SBJson.xcodeproj; sourceTree = "<group>"; };
		41EB58BF16C45EED005C1805 /* SMWebRequest.h */ = {isa = PBXFileReference; fileEncoding = 4; lastKnownFileType = sourcecode.c.h; name = SMWebRequest.h; path = Dependencies/SMWebRequest/SMWebRequest.h; sourceTree = SOURCE_ROOT; };
		41EB58C016C45EED005C1805 /* SMWebRequest.m */ = {isa = PBXFileReference; fileEncoding = 4; lastKnownFileType = sourcecode.c.objc; name = SMWebRequest.m; path = Dependencies/SMWebRequest/SMWebRequest.m; sourceTree = SOURCE_ROOT; };
		41EB58D016C463C3005C1805 /* Expecta.xcodeproj */ = {isa = PBXFileReference; lastKnownFileType = "wrapper.pb-project"; name = Expecta.xcodeproj; path = Dependencies/ReactiveCocoa/external/expecta/Expecta.xcodeproj; sourceTree = "<group>"; };
		41EB58DF16C463CA005C1805 /* Specta.xcodeproj */ = {isa = PBXFileReference; lastKnownFileType = "wrapper.pb-project"; name = Specta.xcodeproj; path = Dependencies/ReactiveCocoa/external/specta/Specta.xcodeproj; sourceTree = "<group>"; };
		41EB58FA16C4694E005C1805 /* EMClient+Private.h */ = {isa = PBXFileReference; lastKnownFileType = sourcecode.c.h; path = "EMClient+Private.h"; sourceTree = "<group>"; };
		41EB590116C47528005C1805 /* UIKit.framework */ = {isa = PBXFileReference; lastKnownFileType = wrapper.framework; name = UIKit.framework; path = System/Library/Frameworks/UIKit.framework; sourceTree = SDKROOT; };
		41F901A216FA9F1A0008CF8E /* EMField.h */ = {isa = PBXFileReference; fileEncoding = 4; lastKnownFileType = sourcecode.c.h; path = EMField.h; sourceTree = "<group>"; };
		41F901A316FA9F1A0008CF8E /* EMField.m */ = {isa = PBXFileReference; fileEncoding = 4; lastKnownFileType = sourcecode.c.objc; path = EMField.m; sourceTree = "<group>"; };
/* End PBXFileReference section */

/* Begin PBXFrameworksBuildPhase section */
		4129EC4A16C45C71002A3C60 /* Frameworks */ = {
			isa = PBXFrameworksBuildPhase;
			buildActionMask = 2147483647;
			files = (
				41EB58FD16C47295005C1805 /* libReactiveCocoa-iOS.a in Frameworks */,
				41EB58FE16C47295005C1805 /* libsbjson-ios.a in Frameworks */,
				4129EC5116C45C71002A3C60 /* Foundation.framework in Frameworks */,
			);
			runOnlyForDeploymentPostprocessing = 0;
		};
		4129EC5A16C45C71002A3C60 /* Frameworks */ = {
			isa = PBXFrameworksBuildPhase;
			buildActionMask = 2147483647;
			files = (
				41EB590216C47528005C1805 /* UIKit.framework in Frameworks */,
				41EB58F216C467F4005C1805 /* libExpecta-iOS.a in Frameworks */,
				41EB58F316C467F4005C1805 /* libSpecta-iOS.a in Frameworks */,
				4129EC6016C45C71002A3C60 /* SenTestingKit.framework in Frameworks */,
				4129EC6316C45C71002A3C60 /* Foundation.framework in Frameworks */,
				4129EC6616C45C71002A3C60 /* libEmmaSDKiOS.a in Frameworks */,
			);
			runOnlyForDeploymentPostprocessing = 0;
		};
		41EB586916C45D5F005C1805 /* Frameworks */ = {
			isa = PBXFrameworksBuildPhase;
			buildActionMask = 2147483647;
			files = (
				41EB58FF16C472AF005C1805 /* ReactiveCocoa.framework in Frameworks */,
				41EB590016C472AF005C1805 /* SBJson.framework in Frameworks */,
				41EB586F16C45D5F005C1805 /* Cocoa.framework in Frameworks */,
			);
			runOnlyForDeploymentPostprocessing = 0;
		};
/* End PBXFrameworksBuildPhase section */

/* Begin PBXGroup section */
		4129EC4416C45C71002A3C60 = {
			isa = PBXGroup;
			children = (
				41EB590116C47528005C1805 /* UIKit.framework */,
				4129EC5216C45C71002A3C60 /* EmmaSDK */,
				4129EC6716C45C71002A3C60 /* EmmaSDKTests */,
				4129EC4F16C45C71002A3C60 /* Frameworks */,
				4129EC4E16C45C71002A3C60 /* Products */,
			);
			sourceTree = "<group>";
		};
		4129EC4E16C45C71002A3C60 /* Products */ = {
			isa = PBXGroup;
			children = (
				4129EC4D16C45C71002A3C60 /* libEmmaSDKiOS.a */,
				4129EC5E16C45C71002A3C60 /* EmmaSDKTests.octest */,
				41EB586D16C45D5F005C1805 /* EmmaSDK.framework */,
			);
			name = Products;
			sourceTree = "<group>";
		};
		4129EC4F16C45C71002A3C60 /* Frameworks */ = {
			isa = PBXGroup;
			children = (
				41EB58DF16C463CA005C1805 /* Specta.xcodeproj */,
				41EB58D016C463C3005C1805 /* Expecta.xcodeproj */,
				41EB58B016C45EDF005C1805 /* SBJson.xcodeproj */,
				41EB58A216C45ED5005C1805 /* ReactiveCocoa.xcodeproj */,
				4129EC5016C45C71002A3C60 /* Foundation.framework */,
				4129EC5F16C45C71002A3C60 /* SenTestingKit.framework */,
				4129EC6116C45C71002A3C60 /* UIKit.framework */,
				41EB586E16C45D5F005C1805 /* Cocoa.framework */,
				41EB587016C45D5F005C1805 /* Other Frameworks */,
			);
			name = Frameworks;
			sourceTree = "<group>";
		};
		4129EC5216C45C71002A3C60 /* EmmaSDK */ = {
			isa = PBXGroup;
			children = (
				41EB584C16C45CAC005C1805 /* EMClient.h */,
				41EB584D16C45CAC005C1805 /* EMClient.m */,
				4159CF8916F1641800DBFD5F /* Utils */,
				4159CF7F16F1640100DBFD5F /* Models */,
				4129EC5316C45C71002A3C60 /* Supporting Files */,
			);
			path = EmmaSDK;
			sourceTree = "<group>";
		};
		4129EC5316C45C71002A3C60 /* Supporting Files */ = {
			isa = PBXGroup;
			children = (
				41EB585816C45CAC005C1805 /* EmmaSDK.h */,
				41EB58FA16C4694E005C1805 /* EMClient+Private.h */,
				4129EC5416C45C71002A3C60 /* EmmaSDK-Prefix.pch */,
			);
			name = "Supporting Files";
			sourceTree = "<group>";
		};
		4129EC6716C45C71002A3C60 /* EmmaSDKTests */ = {
			isa = PBXGroup;
			children = (
				4129EC6D16C45C71002A3C60 /* EmmaSDKTests.h */,
				4129EC6E16C45C71002A3C60 /* EmmaSDKTests.m */,
				4129EC6816C45C71002A3C60 /* Supporting Files */,
			);
			path = EmmaSDKTests;
			sourceTree = "<group>";
		};
		4129EC6816C45C71002A3C60 /* Supporting Files */ = {
			isa = PBXGroup;
			children = (
				4129EC6916C45C71002A3C60 /* EmmaSDKTests-Info.plist */,
				4129EC6A16C45C71002A3C60 /* InfoPlist.strings */,
			);
			name = "Supporting Files";
			sourceTree = "<group>";
		};
		4159CF7F16F1640100DBFD5F /* Models */ = {
			isa = PBXGroup;
			children = (
				41EB584E16C45CAC005C1805 /* EMGroup.h */,
				41EB584F16C45CAC005C1805 /* EMGroup.m */,
				41EB585016C45CAC005C1805 /* EMMailing.h */,
				41EB585116C45CAC005C1805 /* EMMailing.m */,
				418EE80E170231F600773A19 /* EMResponseSummary.h */,
				418EE80F170231F600773A19 /* EMResponseSummary.m */,
				41EB585416C45CAC005C1805 /* EMMailingResponse.h */,
				41EB585516C45CAC005C1805 /* EMMailingResponse.m */,
				41EB585216C45CAC005C1805 /* EMMailingLinkResponse.h */,
				41EB585316C45CAC005C1805 /* EMMailingLinkResponse.m */,
				41EB585616C45CAC005C1805 /* EMMailingResponseEvent.h */,
				41EB585716C45CAC005C1805 /* EMMailingResponseEvent.m */,
				41EB585916C45CAC005C1805 /* EMMember.h */,
				41EB585A16C45CAC005C1805 /* EMMember.m */,
				41EB585B16C45CAC005C1805 /* EMMessage.h */,
				41EB585C16C45CAC005C1805 /* EMMessage.m */,
				41EB585D16C45CAC005C1805 /* EMSearch.h */,
				41EB585E16C45CAC005C1805 /* EMSearch.m */,
				41F901A216FA9F1A0008CF8E /* EMField.h */,
				41F901A316FA9F1A0008CF8E /* EMField.m */,
				41CB3EB216FAAF9E009CAD80 /* EMTrigger.h */,
				41CB3EB316FAAF9E009CAD80 /* EMTrigger.m */,
				41CB3EBF16FAB113009CAD80 /* EMWebhook.h */,
				41CB3EC016FAB113009CAD80 /* EMWebhook.m */,
				418EE81B170238FB00773A19 /* EMShare.h */,
				418EE81C170238FB00773A19 /* EMShare.m */,
			);
			name = Models;
			sourceTree = "<group>";
		};
		4159CF8916F1641800DBFD5F /* Utils */ = {
			isa = PBXGroup;
			children = (
				342CB77716F172D30065A7F4 /* NSString+DateParsing.h */,
				342CB77816F172D30065A7F4 /* NSString+DateParsing.m */,
				41EB58BF16C45EED005C1805 /* SMWebRequest.h */,
				41EB58C016C45EED005C1805 /* SMWebRequest.m */,
				41912D9416D599FF00126AF1 /* NSObject+ObjectOrNil.h */,
				41912D9516D599FF00126AF1 /* NSObject+ObjectOrNil.m */,
				41912D9816D59A4100126AF1 /* NSNumber+ObjectIDString.h */,
				41912D9916D59A4100126AF1 /* NSNumber+ObjectIDString.m */,
				418E65D0170255ED00EBB567 /* NSData+Base64.h */,
				418E65D1170255ED00EBB567 /* NSData+Base64.m */,
			);
			name = Utils;
			sourceTree = "<group>";
		};
		41EB587016C45D5F005C1805 /* Other Frameworks */ = {
			isa = PBXGroup;
			children = (
				41EB587116C45D5F005C1805 /* AppKit.framework */,
				41EB587216C45D5F005C1805 /* CoreData.framework */,
				41EB587316C45D5F005C1805 /* Foundation.framework */,
			);
			name = "Other Frameworks";
			sourceTree = "<group>";
		};
		41EB58A316C45ED5005C1805 /* Products */ = {
			isa = PBXGroup;
			children = (
				41EB58AB16C45ED6005C1805 /* ReactiveCocoa.framework */,
				41EB58AD16C45ED6005C1805 /* libReactiveCocoa-iOS.a */,
				41EB58AF16C45ED6005C1805 /* ReactiveCocoaTests.octest */,
			);
			name = Products;
			sourceTree = "<group>";
		};
		41EB58B116C45EDF005C1805 /* Products */ = {
			isa = PBXGroup;
			children = (
				41EB58B816C45EE0005C1805 /* SBJson.framework */,
				41EB58BA16C45EE0005C1805 /* SBJsonTests.octest */,
				41EB58BC16C45EE0005C1805 /* libsbjson-ios.a */,
				41EB58BE16C45EE0005C1805 /* sbjson-iosTests.octest */,
			);
			name = Products;
			sourceTree = "<group>";
		};
		41EB58D116C463C3005C1805 /* Products */ = {
			isa = PBXGroup;
			children = (
				41EB58D816C463C3005C1805 /* libExpecta.a */,
				41EB58DA16C463C3005C1805 /* libExpecta-iOS.a */,
				41EB58DC16C463C3005C1805 /* ExpectaTests.octest */,
				41EB58DE16C463C3005C1805 /* Expecta-iOSTests.octest */,
			);
			name = Products;
			sourceTree = "<group>";
		};
		41EB58E016C463CA005C1805 /* Products */ = {
			isa = PBXGroup;
			children = (
				41EB58E716C463CA005C1805 /* libSpecta.a */,
				41EB58E916C463CA005C1805 /* libSpecta-iOS.a */,
				41EB58EB16C463CA005C1805 /* SpectaTests.octest */,
				41EB58ED16C463CA005C1805 /* Specta-iOSTests.octest */,
			);
			name = Products;
			sourceTree = "<group>";
		};
/* End PBXGroup section */

/* Begin PBXHeadersBuildPhase section */
		41EB586A16C45D5F005C1805 /* Headers */ = {
			isa = PBXHeadersBuildPhase;
			buildActionMask = 2147483647;
			files = (
				41EB58C116C45EED005C1805 /* SMWebRequest.h in Headers */,
				41912D9616D599FF00126AF1 /* NSObject+ObjectOrNil.h in Headers */,
				41912D9A16D59A4100126AF1 /* NSNumber+ObjectIDString.h in Headers */,
				342CB77916F172D30065A7F4 /* NSString+DateParsing.h in Headers */,
				41F901A416FA9F1A0008CF8E /* EMField.h in Headers */,
				41CB3EB416FAAF9E009CAD80 /* EMTrigger.h in Headers */,
				41CB3EC116FAB113009CAD80 /* EMWebhook.h in Headers */,
				418EE810170231F600773A19 /* EMResponseSummary.h in Headers */,
				418EE81D170238FB00773A19 /* EMShare.h in Headers */,
				418E65D2170255ED00EBB567 /* NSData+Base64.h in Headers */,
			);
			runOnlyForDeploymentPostprocessing = 0;
		};
/* End PBXHeadersBuildPhase section */

/* Begin PBXNativeTarget section */
		4129EC4C16C45C71002A3C60 /* EmmaSDKiOS */ = {
			isa = PBXNativeTarget;
			buildConfigurationList = 4129EC7216C45C71002A3C60 /* Build configuration list for PBXNativeTarget "EmmaSDKiOS" */;
			buildPhases = (
				4129EC4916C45C71002A3C60 /* Sources */,
				4129EC4A16C45C71002A3C60 /* Frameworks */,
				4129EC4B16C45C71002A3C60 /* CopyFiles */,
			);
			buildRules = (
			);
			dependencies = (
				41EB58CD16C45F1E005C1805 /* PBXTargetDependency */,
				41EB58CF16C45F1E005C1805 /* PBXTargetDependency */,
			);
			name = EmmaSDKiOS;
			productName = EmmaSDK;
			productReference = 4129EC4D16C45C71002A3C60 /* libEmmaSDKiOS.a */;
			productType = "com.apple.product-type.library.static";
		};
		4129EC5D16C45C71002A3C60 /* EmmaSDKTests */ = {
			isa = PBXNativeTarget;
			buildConfigurationList = 4129EC7516C45C71002A3C60 /* Build configuration list for PBXNativeTarget "EmmaSDKTests" */;
			buildPhases = (
				4129EC5916C45C71002A3C60 /* Sources */,
				4129EC5A16C45C71002A3C60 /* Frameworks */,
				4129EC5B16C45C71002A3C60 /* Resources */,
				4129EC5C16C45C71002A3C60 /* ShellScript */,
			);
			buildRules = (
			);
			dependencies = (
				41EB58EF16C4640F005C1805 /* PBXTargetDependency */,
				41EB58F116C4640F005C1805 /* PBXTargetDependency */,
				4129EC6516C45C71002A3C60 /* PBXTargetDependency */,
			);
			name = EmmaSDKTests;
			productName = EmmaSDKTests;
			productReference = 4129EC5E16C45C71002A3C60 /* EmmaSDKTests.octest */;
			productType = "com.apple.product-type.bundle";
		};
		41EB586C16C45D5F005C1805 /* EmmaSDK */ = {
			isa = PBXNativeTarget;
			buildConfigurationList = 41EB589216C45D5F005C1805 /* Build configuration list for PBXNativeTarget "EmmaSDK" */;
			buildPhases = (
				41EB586816C45D5F005C1805 /* Sources */,
				41EB586916C45D5F005C1805 /* Frameworks */,
				41EB586A16C45D5F005C1805 /* Headers */,
				41EB586B16C45D5F005C1805 /* Resources */,
			);
			buildRules = (
			);
			dependencies = (
				41EB58C916C45F18005C1805 /* PBXTargetDependency */,
				41EB58CB16C45F18005C1805 /* PBXTargetDependency */,
			);
			name = EmmaSDK;
			productName = EmmaSDK;
			productReference = 41EB586D16C45D5F005C1805 /* EmmaSDK.framework */;
			productType = "com.apple.product-type.framework";
		};
/* End PBXNativeTarget section */

/* Begin PBXProject section */
		4129EC4516C45C71002A3C60 /* Project object */ = {
			isa = PBXProject;
			attributes = {
				LastUpgradeCheck = 0460;
				ORGANIZATIONNAME = "Emma, Inc.";
			};
			buildConfigurationList = 4129EC4816C45C71002A3C60 /* Build configuration list for PBXProject "EmmaSDK" */;
			compatibilityVersion = "Xcode 3.2";
			developmentRegion = English;
			hasScannedForEncodings = 0;
			knownRegions = (
				en,
			);
			mainGroup = 4129EC4416C45C71002A3C60;
			productRefGroup = 4129EC4E16C45C71002A3C60 /* Products */;
			projectDirPath = "";
			projectReferences = (
				{
					ProductGroup = 41EB58D116C463C3005C1805 /* Products */;
					ProjectRef = 41EB58D016C463C3005C1805 /* Expecta.xcodeproj */;
				},
				{
					ProductGroup = 41EB58A316C45ED5005C1805 /* Products */;
					ProjectRef = 41EB58A216C45ED5005C1805 /* ReactiveCocoa.xcodeproj */;
				},
				{
					ProductGroup = 41EB58B116C45EDF005C1805 /* Products */;
					ProjectRef = 41EB58B016C45EDF005C1805 /* SBJson.xcodeproj */;
				},
				{
					ProductGroup = 41EB58E016C463CA005C1805 /* Products */;
					ProjectRef = 41EB58DF16C463CA005C1805 /* Specta.xcodeproj */;
				},
			);
			projectRoot = "";
			targets = (
				41EB586C16C45D5F005C1805 /* EmmaSDK */,
				4129EC4C16C45C71002A3C60 /* EmmaSDKiOS */,
				4129EC5D16C45C71002A3C60 /* EmmaSDKTests */,
			);
		};
/* End PBXProject section */

/* Begin PBXReferenceProxy section */
		41EB58AB16C45ED6005C1805 /* ReactiveCocoa.framework */ = {
			isa = PBXReferenceProxy;
			fileType = wrapper.framework;
			path = ReactiveCocoa.framework;
			remoteRef = 41EB58AA16C45ED6005C1805 /* PBXContainerItemProxy */;
			sourceTree = BUILT_PRODUCTS_DIR;
		};
		41EB58AD16C45ED6005C1805 /* libReactiveCocoa-iOS.a */ = {
			isa = PBXReferenceProxy;
			fileType = archive.ar;
			path = "libReactiveCocoa-iOS.a";
			remoteRef = 41EB58AC16C45ED6005C1805 /* PBXContainerItemProxy */;
			sourceTree = BUILT_PRODUCTS_DIR;
		};
		41EB58AF16C45ED6005C1805 /* ReactiveCocoaTests.octest */ = {
			isa = PBXReferenceProxy;
			fileType = wrapper.cfbundle;
			path = ReactiveCocoaTests.octest;
			remoteRef = 41EB58AE16C45ED6005C1805 /* PBXContainerItemProxy */;
			sourceTree = BUILT_PRODUCTS_DIR;
		};
		41EB58B816C45EE0005C1805 /* SBJson.framework */ = {
			isa = PBXReferenceProxy;
			fileType = wrapper.framework;
			path = SBJson.framework;
			remoteRef = 41EB58B716C45EE0005C1805 /* PBXContainerItemProxy */;
			sourceTree = BUILT_PRODUCTS_DIR;
		};
		41EB58BA16C45EE0005C1805 /* SBJsonTests.octest */ = {
			isa = PBXReferenceProxy;
			fileType = wrapper.cfbundle;
			path = SBJsonTests.octest;
			remoteRef = 41EB58B916C45EE0005C1805 /* PBXContainerItemProxy */;
			sourceTree = BUILT_PRODUCTS_DIR;
		};
		41EB58BC16C45EE0005C1805 /* libsbjson-ios.a */ = {
			isa = PBXReferenceProxy;
			fileType = archive.ar;
			path = "libsbjson-ios.a";
			remoteRef = 41EB58BB16C45EE0005C1805 /* PBXContainerItemProxy */;
			sourceTree = BUILT_PRODUCTS_DIR;
		};
		41EB58BE16C45EE0005C1805 /* sbjson-iosTests.octest */ = {
			isa = PBXReferenceProxy;
			fileType = wrapper.cfbundle;
			path = "sbjson-iosTests.octest";
			remoteRef = 41EB58BD16C45EE0005C1805 /* PBXContainerItemProxy */;
			sourceTree = BUILT_PRODUCTS_DIR;
		};
		41EB58D816C463C3005C1805 /* libExpecta.a */ = {
			isa = PBXReferenceProxy;
			fileType = archive.ar;
			path = libExpecta.a;
			remoteRef = 41EB58D716C463C3005C1805 /* PBXContainerItemProxy */;
			sourceTree = BUILT_PRODUCTS_DIR;
		};
		41EB58DA16C463C3005C1805 /* libExpecta-iOS.a */ = {
			isa = PBXReferenceProxy;
			fileType = archive.ar;
			path = "libExpecta-iOS.a";
			remoteRef = 41EB58D916C463C3005C1805 /* PBXContainerItemProxy */;
			sourceTree = BUILT_PRODUCTS_DIR;
		};
		41EB58DC16C463C3005C1805 /* ExpectaTests.octest */ = {
			isa = PBXReferenceProxy;
			fileType = wrapper.cfbundle;
			path = ExpectaTests.octest;
			remoteRef = 41EB58DB16C463C3005C1805 /* PBXContainerItemProxy */;
			sourceTree = BUILT_PRODUCTS_DIR;
		};
		41EB58DE16C463C3005C1805 /* Expecta-iOSTests.octest */ = {
			isa = PBXReferenceProxy;
			fileType = wrapper.cfbundle;
			path = "Expecta-iOSTests.octest";
			remoteRef = 41EB58DD16C463C3005C1805 /* PBXContainerItemProxy */;
			sourceTree = BUILT_PRODUCTS_DIR;
		};
		41EB58E716C463CA005C1805 /* libSpecta.a */ = {
			isa = PBXReferenceProxy;
			fileType = archive.ar;
			path = libSpecta.a;
			remoteRef = 41EB58E616C463CA005C1805 /* PBXContainerItemProxy */;
			sourceTree = BUILT_PRODUCTS_DIR;
		};
		41EB58E916C463CA005C1805 /* libSpecta-iOS.a */ = {
			isa = PBXReferenceProxy;
			fileType = archive.ar;
			path = "libSpecta-iOS.a";
			remoteRef = 41EB58E816C463CA005C1805 /* PBXContainerItemProxy */;
			sourceTree = BUILT_PRODUCTS_DIR;
		};
		41EB58EB16C463CA005C1805 /* SpectaTests.octest */ = {
			isa = PBXReferenceProxy;
			fileType = wrapper.cfbundle;
			path = SpectaTests.octest;
			remoteRef = 41EB58EA16C463CA005C1805 /* PBXContainerItemProxy */;
			sourceTree = BUILT_PRODUCTS_DIR;
		};
		41EB58ED16C463CA005C1805 /* Specta-iOSTests.octest */ = {
			isa = PBXReferenceProxy;
			fileType = wrapper.cfbundle;
			path = "Specta-iOSTests.octest";
			remoteRef = 41EB58EC16C463CA005C1805 /* PBXContainerItemProxy */;
			sourceTree = BUILT_PRODUCTS_DIR;
		};
/* End PBXReferenceProxy section */

/* Begin PBXResourcesBuildPhase section */
		4129EC5B16C45C71002A3C60 /* Resources */ = {
			isa = PBXResourcesBuildPhase;
			buildActionMask = 2147483647;
			files = (
				4129EC6C16C45C71002A3C60 /* InfoPlist.strings in Resources */,
			);
			runOnlyForDeploymentPostprocessing = 0;
		};
		41EB586B16C45D5F005C1805 /* Resources */ = {
			isa = PBXResourcesBuildPhase;
			buildActionMask = 2147483647;
			files = (
			);
			runOnlyForDeploymentPostprocessing = 0;
		};
/* End PBXResourcesBuildPhase section */

/* Begin PBXShellScriptBuildPhase section */
		4129EC5C16C45C71002A3C60 /* ShellScript */ = {
			isa = PBXShellScriptBuildPhase;
			buildActionMask = 2147483647;
			files = (
			);
			inputPaths = (
			);
			outputPaths = (
			);
			runOnlyForDeploymentPostprocessing = 0;
			shellPath = /bin/sh;
			shellScript = "# Run the unit tests in this test bundle.\n\"${SYSTEM_DEVELOPER_DIR}/Tools/RunUnitTests\"\n";
		};
/* End PBXShellScriptBuildPhase section */

/* Begin PBXSourcesBuildPhase section */
		4129EC4916C45C71002A3C60 /* Sources */ = {
			isa = PBXSourcesBuildPhase;
			buildActionMask = 2147483647;
			files = (
				418E65ED1702A30700EBB567 /* EMResponseSummary.m in Sources */,
				418E65EE1702A30700EBB567 /* EMTrigger.m in Sources */,
				418E65EF1702A30700EBB567 /* EMWebhook.m in Sources */,
				418E65F01702A30700EBB567 /* EMShare.m in Sources */,
				418E65E3170259DA00EBB567 /* NSData+Base64.m in Sources */,
				34D89D2717023EFD00C7157E /* EMField.m in Sources */,
				41912D9C16D59D2600126AF1 /* NSObject+ObjectOrNil.m in Sources */,
				41912D9D16D59D2600126AF1 /* NSNumber+ObjectIDString.m in Sources */,
				41EB585F16C45CAC005C1805 /* EMClient.m in Sources */,
				41EB586016C45CAC005C1805 /* EMGroup.m in Sources */,
				41EB586116C45CAC005C1805 /* EMMailing.m in Sources */,
				41EB586216C45CAC005C1805 /* EMMailingLinkResponse.m in Sources */,
				41EB586316C45CAC005C1805 /* EMMailingResponse.m in Sources */,
				41EB586416C45CAC005C1805 /* EMMailingResponseEvent.m in Sources */,
				41EB586516C45CAC005C1805 /* EMMember.m in Sources */,
				41EB586616C45CAC005C1805 /* EMMessage.m in Sources */,
				41EB586716C45CAC005C1805 /* EMSearch.m in Sources */,
				41EB58C316C45EED005C1805 /* SMWebRequest.m in Sources */,
			);
			runOnlyForDeploymentPostprocessing = 0;
		};
		4129EC5916C45C71002A3C60 /* Sources */ = {
			isa = PBXSourcesBuildPhase;
			buildActionMask = 2147483647;
			files = (
				4129EC6F16C45C71002A3C60 /* EmmaSDKTests.m in Sources */,
			);
			runOnlyForDeploymentPostprocessing = 0;
		};
		41EB586816C45D5F005C1805 /* Sources */ = {
			isa = PBXSourcesBuildPhase;
			buildActionMask = 2147483647;
			files = (
				41EB589816C45E4F005C1805 /* EMClient.m in Sources */,
				41EB589916C45E4F005C1805 /* EMGroup.m in Sources */,
				41EB589A16C45E4F005C1805 /* EMMailing.m in Sources */,
				41EB589B16C45E4F005C1805 /* EMMailingLinkResponse.m in Sources */,
				41EB589C16C45E4F005C1805 /* EMMailingResponse.m in Sources */,
				41EB589D16C45E4F005C1805 /* EMMailingResponseEvent.m in Sources */,
				41EB589E16C45E4F005C1805 /* EMMember.m in Sources */,
				41EB589F16C45E4F005C1805 /* EMMessage.m in Sources */,
				41EB58A016C45E4F005C1805 /* EMSearch.m in Sources */,
				41EB58C216C45EED005C1805 /* SMWebRequest.m in Sources */,
				41912D9716D599FF00126AF1 /* NSObject+ObjectOrNil.m in Sources */,
				41912D9B16D59A4100126AF1 /* NSNumber+ObjectIDString.m in Sources */,
				342CB77A16F172D30065A7F4 /* NSString+DateParsing.m in Sources */,
				41F901A516FA9F1A0008CF8E /* EMField.m in Sources */,
				41CB3EB516FAAF9E009CAD80 /* EMTrigger.m in Sources */,
				41CB3EC216FAB113009CAD80 /* EMWebhook.m in Sources */,
				418EE811170231F600773A19 /* EMResponseSummary.m in Sources */,
				418EE81E170238FB00773A19 /* EMShare.m in Sources */,
				418E65D3170255ED00EBB567 /* NSData+Base64.m in Sources */,
			);
			runOnlyForDeploymentPostprocessing = 0;
		};
/* End PBXSourcesBuildPhase section */

/* Begin PBXTargetDependency section */
		4129EC6516C45C71002A3C60 /* PBXTargetDependency */ = {
			isa = PBXTargetDependency;
			target = 4129EC4C16C45C71002A3C60 /* EmmaSDKiOS */;
			targetProxy = 4129EC6416C45C71002A3C60 /* PBXContainerItemProxy */;
		};
		41EB58C916C45F18005C1805 /* PBXTargetDependency */ = {
			isa = PBXTargetDependency;
			name = SBJson;
			targetProxy = 41EB58C816C45F18005C1805 /* PBXContainerItemProxy */;
		};
		41EB58CB16C45F18005C1805 /* PBXTargetDependency */ = {
			isa = PBXTargetDependency;
			name = ReactiveCocoa;
			targetProxy = 41EB58CA16C45F18005C1805 /* PBXContainerItemProxy */;
		};
		41EB58CD16C45F1E005C1805 /* PBXTargetDependency */ = {
			isa = PBXTargetDependency;
			name = "sbjson-ios";
			targetProxy = 41EB58CC16C45F1E005C1805 /* PBXContainerItemProxy */;
		};
		41EB58CF16C45F1E005C1805 /* PBXTargetDependency */ = {
			isa = PBXTargetDependency;
			name = "ReactiveCocoa-iOS";
			targetProxy = 41EB58CE16C45F1E005C1805 /* PBXContainerItemProxy */;
		};
		41EB58EF16C4640F005C1805 /* PBXTargetDependency */ = {
			isa = PBXTargetDependency;
			name = "Specta-iOS";
			targetProxy = 41EB58EE16C4640F005C1805 /* PBXContainerItemProxy */;
		};
		41EB58F116C4640F005C1805 /* PBXTargetDependency */ = {
			isa = PBXTargetDependency;
			name = "Expecta-iOS";
			targetProxy = 41EB58F016C4640F005C1805 /* PBXContainerItemProxy */;
		};
/* End PBXTargetDependency section */

/* Begin PBXVariantGroup section */
		4129EC6A16C45C71002A3C60 /* InfoPlist.strings */ = {
			isa = PBXVariantGroup;
			children = (
				4129EC6B16C45C71002A3C60 /* en */,
			);
			name = InfoPlist.strings;
			sourceTree = "<group>";
		};
/* End PBXVariantGroup section */

/* Begin XCBuildConfiguration section */
		4129EC7016C45C71002A3C60 /* Debug */ = {
			isa = XCBuildConfiguration;
			buildSettings = {
				ALWAYS_SEARCH_USER_PATHS = NO;
				CLANG_CXX_LANGUAGE_STANDARD = "gnu++0x";
				CLANG_CXX_LIBRARY = "libc++";
				CLANG_ENABLE_OBJC_ARC = YES;
				CLANG_WARN_CONSTANT_CONVERSION = YES;
				CLANG_WARN_EMPTY_BODY = YES;
				CLANG_WARN_ENUM_CONVERSION = YES;
				CLANG_WARN_INT_CONVERSION = YES;
				CLANG_WARN__DUPLICATE_METHOD_MATCH = YES;
				COPY_PHASE_STRIP = NO;
				GCC_C_LANGUAGE_STANDARD = gnu99;
				GCC_DYNAMIC_NO_PIC = NO;
				GCC_OPTIMIZATION_LEVEL = 0;
				GCC_PREPROCESSOR_DEFINITIONS = (
					"DEBUG=1",
					"$(inherited)",
				);
				GCC_SYMBOLS_PRIVATE_EXTERN = NO;
				GCC_WARN_ABOUT_RETURN_TYPE = YES;
				GCC_WARN_UNINITIALIZED_AUTOS = YES;
				GCC_WARN_UNUSED_VARIABLE = YES;
				HEADER_SEARCH_PATHS = "Dependencies/**";
				IPHONEOS_DEPLOYMENT_TARGET = 6.1;
				ONLY_ACTIVE_ARCH = YES;
				SDKROOT = iphoneos;
			};
			name = Debug;
		};
		4129EC7116C45C71002A3C60 /* Release */ = {
			isa = XCBuildConfiguration;
			buildSettings = {
				ALWAYS_SEARCH_USER_PATHS = NO;
				CLANG_CXX_LANGUAGE_STANDARD = "gnu++0x";
				CLANG_CXX_LIBRARY = "libc++";
				CLANG_ENABLE_OBJC_ARC = YES;
				CLANG_WARN_CONSTANT_CONVERSION = YES;
				CLANG_WARN_EMPTY_BODY = YES;
				CLANG_WARN_ENUM_CONVERSION = YES;
				CLANG_WARN_INT_CONVERSION = YES;
				CLANG_WARN__DUPLICATE_METHOD_MATCH = YES;
				COPY_PHASE_STRIP = YES;
				GCC_C_LANGUAGE_STANDARD = gnu99;
				GCC_WARN_ABOUT_RETURN_TYPE = YES;
				GCC_WARN_UNINITIALIZED_AUTOS = YES;
				GCC_WARN_UNUSED_VARIABLE = YES;
				HEADER_SEARCH_PATHS = "Dependencies/**";
				IPHONEOS_DEPLOYMENT_TARGET = 6.1;
				SDKROOT = iphoneos;
				VALIDATE_PRODUCT = YES;
			};
			name = Release;
		};
		4129EC7316C45C71002A3C60 /* Debug */ = {
			isa = XCBuildConfiguration;
			buildSettings = {
				DSTROOT = /tmp/EmmaSDK.dst;
				GCC_PRECOMPILE_PREFIX_HEADER = YES;
				GCC_PREFIX_HEADER = "EmmaSDK/EmmaSDK-Prefix.pch";
				OTHER_LDFLAGS = "-ObjC";
				PRODUCT_NAME = "$(TARGET_NAME)";
				SKIP_INSTALL = YES;
			};
			name = Debug;
		};
		4129EC7416C45C71002A3C60 /* Release */ = {
			isa = XCBuildConfiguration;
			buildSettings = {
				DSTROOT = /tmp/EmmaSDK.dst;
				GCC_PRECOMPILE_PREFIX_HEADER = YES;
				GCC_PREFIX_HEADER = "EmmaSDK/EmmaSDK-Prefix.pch";
				OTHER_LDFLAGS = "-ObjC";
				PRODUCT_NAME = "$(TARGET_NAME)";
				SKIP_INSTALL = YES;
			};
			name = Release;
		};
		4129EC7616C45C71002A3C60 /* Debug */ = {
			isa = XCBuildConfiguration;
			buildSettings = {
				FRAMEWORK_SEARCH_PATHS = (
					"\"$(SDKROOT)/Developer/Library/Frameworks\"",
					"\"$(DEVELOPER_LIBRARY_DIR)/Frameworks\"",
				);
				GCC_PRECOMPILE_PREFIX_HEADER = YES;
				GCC_PREFIX_HEADER = "EmmaSDK/EmmaSDK-Prefix.pch";
				INFOPLIST_FILE = "EmmaSDKTests/EmmaSDKTests-Info.plist";
				OTHER_LDFLAGS = "-ObjC";
				PRODUCT_NAME = "$(TARGET_NAME)";
				WRAPPER_EXTENSION = octest;
			};
			name = Debug;
		};
		4129EC7716C45C71002A3C60 /* Release */ = {
			isa = XCBuildConfiguration;
			buildSettings = {
				FRAMEWORK_SEARCH_PATHS = (
					"\"$(SDKROOT)/Developer/Library/Frameworks\"",
					"\"$(DEVELOPER_LIBRARY_DIR)/Frameworks\"",
				);
				GCC_PRECOMPILE_PREFIX_HEADER = YES;
				GCC_PREFIX_HEADER = "EmmaSDK/EmmaSDK-Prefix.pch";
				INFOPLIST_FILE = "EmmaSDKTests/EmmaSDKTests-Info.plist";
				OTHER_LDFLAGS = "-ObjC";
				PRODUCT_NAME = "$(TARGET_NAME)";
				WRAPPER_EXTENSION = octest;
			};
			name = Release;
		};
		41EB589316C45D5F005C1805 /* Debug */ = {
			isa = XCBuildConfiguration;
			buildSettings = {
				ARCHS = "$(ARCHS_STANDARD_64_BIT)";
				COMBINE_HIDPI_IMAGES = YES;
				DYLIB_COMPATIBILITY_VERSION = 1;
				DYLIB_CURRENT_VERSION = 1;
				FRAMEWORK_SEARCH_PATHS = (
					"$(inherited)",
					"\"$(SYSTEM_APPS_DIR)/Xcode.app/Contents/Developer/Library/Frameworks\"",
				);
				FRAMEWORK_VERSION = A;
				GCC_ENABLE_OBJC_EXCEPTIONS = YES;
				GCC_PRECOMPILE_PREFIX_HEADER = YES;
				GCC_PREFIX_HEADER = "EmmaSDK/EmmaSDK-Prefix.pch";
				GCC_WARN_64_TO_32_BIT_CONVERSION = YES;
				INFOPLIST_FILE = "EmmaSDK/EmmaSDK-Info.plist";
				MACOSX_DEPLOYMENT_TARGET = 10.8;
				PRODUCT_NAME = "$(TARGET_NAME)";
				SDKROOT = macosx;
				WRAPPER_EXTENSION = framework;
			};
			name = Debug;
		};
		41EB589416C45D5F005C1805 /* Release */ = {
			isa = XCBuildConfiguration;
			buildSettings = {
				ARCHS = "$(ARCHS_STANDARD_64_BIT)";
				COMBINE_HIDPI_IMAGES = YES;
				DEBUG_INFORMATION_FORMAT = "dwarf-with-dsym";
				DYLIB_COMPATIBILITY_VERSION = 1;
				DYLIB_CURRENT_VERSION = 1;
				FRAMEWORK_SEARCH_PATHS = (
					"$(inherited)",
					"\"$(SYSTEM_APPS_DIR)/Xcode.app/Contents/Developer/Library/Frameworks\"",
				);
				FRAMEWORK_VERSION = A;
				GCC_ENABLE_OBJC_EXCEPTIONS = YES;
				GCC_PRECOMPILE_PREFIX_HEADER = YES;
				GCC_PREFIX_HEADER = "EmmaSDK/EmmaSDK-Prefix.pch";
				GCC_WARN_64_TO_32_BIT_CONVERSION = YES;
				INFOPLIST_FILE = "EmmaSDK/EmmaSDK-Info.plist";
				MACOSX_DEPLOYMENT_TARGET = 10.8;
				PRODUCT_NAME = "$(TARGET_NAME)";
				SDKROOT = macosx;
				WRAPPER_EXTENSION = framework;
			};
			name = Release;
		};
/* End XCBuildConfiguration section */

/* Begin XCConfigurationList section */
		4129EC4816C45C71002A3C60 /* Build configuration list for PBXProject "EmmaSDK" */ = {
			isa = XCConfigurationList;
			buildConfigurations = (
				4129EC7016C45C71002A3C60 /* Debug */,
				4129EC7116C45C71002A3C60 /* Release */,
			);
			defaultConfigurationIsVisible = 0;
			defaultConfigurationName = Release;
		};
		4129EC7216C45C71002A3C60 /* Build configuration list for PBXNativeTarget "EmmaSDKiOS" */ = {
			isa = XCConfigurationList;
			buildConfigurations = (
				4129EC7316C45C71002A3C60 /* Debug */,
				4129EC7416C45C71002A3C60 /* Release */,
			);
			defaultConfigurationIsVisible = 0;
			defaultConfigurationName = Release;
		};
		4129EC7516C45C71002A3C60 /* Build configuration list for PBXNativeTarget "EmmaSDKTests" */ = {
			isa = XCConfigurationList;
			buildConfigurations = (
				4129EC7616C45C71002A3C60 /* Debug */,
				4129EC7716C45C71002A3C60 /* Release */,
			);
			defaultConfigurationIsVisible = 0;
			defaultConfigurationName = Release;
		};
		41EB589216C45D5F005C1805 /* Build configuration list for PBXNativeTarget "EmmaSDK" */ = {
			isa = XCConfigurationList;
			buildConfigurations = (
				41EB589316C45D5F005C1805 /* Debug */,
				41EB589416C45D5F005C1805 /* Release */,
			);
			defaultConfigurationIsVisible = 0;
			defaultConfigurationName = Release;
		};
/* End XCConfigurationList section */
	};
	rootObject = 4129EC4516C45C71002A3C60 /* Project object */;
}
